
Microsoft Visual Studio Solution File, Format Version 12.00
# Visual Studio 2013
VisualStudioVersion = 12.0.21005.1
MinimumVisualStudioVersion = 10.0.40219.1
Project("{8BC9CEB8-8B4A-11D0-8D11-00A0C91BC942}") = "Lecture 3 Exercise 03", "Lecture 3 Exercise 03\Lecture 3 Exercise 03.vcxproj", "{C60B8489-DFD7-4FB0-B7E3-3782B7873671}"
EndProject
Global
	GlobalSection(SolutionConfigurationPlatforms) = preSolution
		Debug|ORBIS = Debug|ORBIS
		Release|ORBIS = Release|ORBIS
	EndGlobalSection
	GlobalSection(ProjectConfigurationPlatforms) = postSolution
		{C60B8489-DFD7-4FB0-B7E3-3782B7873671}.Debug|ORBIS.ActiveCfg = Debug|ORBIS
		{C60B8489-DFD7-4FB0-B7E3-3782B7873671}.Debug|ORBIS.Build.0 = Debug|ORBIS
		{C60B8489-DFD7-4FB0-B7E3-3782B7873671}.Release|ORBIS.ActiveCfg = Release|ORBIS
		{C60B8489-DFD7-4FB0-B7E3-3782B7873671}.Release|ORBIS.Build.0 = Release|ORBIS
	EndGlobalSection
	GlobalSection(SolutionProperties) = preSolution
		HideSolutionNode = FALSE
	EndGlobalSection
EndGlobal
