
Microsoft Visual Studio Solution File, Format Version 12.00
# Visual Studio 2013
VisualStudioVersion = 12.0.21005.1
MinimumVisualStudioVersion = 10.0.40219.1
Project("{8BC9CEB8-8B4A-11D0-8D11-00A0C91BC942}") = "Lecture 2 Exercise 01", "Lecture 2 Exercise 01\Lecture 2 Exercise 01.vcxproj", "{19297B8B-C8F4-4B91-9C9B-08078E7827D2}"
EndProject
Global
	GlobalSection(SolutionConfigurationPlatforms) = preSolution
		Debug|ORBIS = Debug|ORBIS
		Release|ORBIS = Release|ORBIS
	EndGlobalSection
	GlobalSection(ProjectConfigurationPlatforms) = postSolution
		{19297B8B-C8F4-4B91-9C9B-08078E7827D2}.Debug|ORBIS.ActiveCfg = Debug|ORBIS
		{19297B8B-C8F4-4B91-9C9B-08078E7827D2}.Debug|ORBIS.Build.0 = Debug|ORBIS
		{19297B8B-C8F4-4B91-9C9B-08078E7827D2}.Release|ORBIS.ActiveCfg = Release|ORBIS
		{19297B8B-C8F4-4B91-9C9B-08078E7827D2}.Release|ORBIS.Build.0 = Release|ORBIS
	EndGlobalSection
	GlobalSection(SolutionProperties) = preSolution
		HideSolutionNode = FALSE
	EndGlobalSection
EndGlobal
