
Microsoft Visual Studio Solution File, Format Version 12.00
# Visual Studio 2013
VisualStudioVersion = 12.0.21005.1
MinimumVisualStudioVersion = 10.0.40219.1
Project("{8BC9CEB8-8B4A-11D0-8D11-00A0C91BC942}") = "Lecture 2 Exercise 02", "Lecture 2 Exercise 02\Lecture 2 Exercise 02.vcxproj", "{F63CD410-2473-4DF9-9B0D-39F6353A70CF}"
EndProject
Global
	GlobalSection(SolutionConfigurationPlatforms) = preSolution
		Debug|ORBIS = Debug|ORBIS
		Release|ORBIS = Release|ORBIS
	EndGlobalSection
	GlobalSection(ProjectConfigurationPlatforms) = postSolution
		{F63CD410-2473-4DF9-9B0D-39F6353A70CF}.Debug|ORBIS.ActiveCfg = Debug|ORBIS
		{F63CD410-2473-4DF9-9B0D-39F6353A70CF}.Debug|ORBIS.Build.0 = Debug|ORBIS
		{F63CD410-2473-4DF9-9B0D-39F6353A70CF}.Release|ORBIS.ActiveCfg = Release|ORBIS
		{F63CD410-2473-4DF9-9B0D-39F6353A70CF}.Release|ORBIS.Build.0 = Release|ORBIS
	EndGlobalSection
	GlobalSection(SolutionProperties) = preSolution
		HideSolutionNode = FALSE
	EndGlobalSection
EndGlobal
