
Microsoft Visual Studio Solution File, Format Version 12.00
# Visual Studio 2013
VisualStudioVersion = 12.0.21005.1
MinimumVisualStudioVersion = 10.0.40219.1
Project("{8BC9CEB8-8B4A-11D0-8D11-00A0C91BC942}") = "Chris Pryor CGP500 Assignment", "Chris Pryor CGP500 Assignment\Chris Pryor CGP500 Assignment.vcxproj", "{8F7D4FED-BCCB-4E82-99FE-44C5233622A4}"
EndProject
Global
	GlobalSection(SolutionConfigurationPlatforms) = preSolution
		Debug|ORBIS = Debug|ORBIS
		Release|ORBIS = Release|ORBIS
	EndGlobalSection
	GlobalSection(ProjectConfigurationPlatforms) = postSolution
		{8F7D4FED-BCCB-4E82-99FE-44C5233622A4}.Debug|ORBIS.ActiveCfg = Debug|ORBIS
		{8F7D4FED-BCCB-4E82-99FE-44C5233622A4}.Debug|ORBIS.Build.0 = Debug|ORBIS
		{8F7D4FED-BCCB-4E82-99FE-44C5233622A4}.Release|ORBIS.ActiveCfg = Release|ORBIS
		{8F7D4FED-BCCB-4E82-99FE-44C5233622A4}.Release|ORBIS.Build.0 = Release|ORBIS
	EndGlobalSection
	GlobalSection(SolutionProperties) = preSolution
		HideSolutionNode = FALSE
	EndGlobalSection
EndGlobal
