
Microsoft Visual Studio Solution File, Format Version 12.00
# Visual Studio 2013
VisualStudioVersion = 12.0.21005.1
MinimumVisualStudioVersion = 10.0.40219.1
Project("{8BC9CEB8-8B4A-11D0-8D11-00A0C91BC942}") = "Lecture 5 Exercise 01", "Lecture 5 Exercise 01\Lecture 5 Exercise 01.vcxproj", "{B390C713-0C7E-47AB-832A-191FE3ACD490}"
EndProject
Global
	GlobalSection(SolutionConfigurationPlatforms) = preSolution
		Debug|ORBIS = Debug|ORBIS
		Release|ORBIS = Release|ORBIS
	EndGlobalSection
	GlobalSection(ProjectConfigurationPlatforms) = postSolution
		{B390C713-0C7E-47AB-832A-191FE3ACD490}.Debug|ORBIS.ActiveCfg = Debug|ORBIS
		{B390C713-0C7E-47AB-832A-191FE3ACD490}.Debug|ORBIS.Build.0 = Debug|ORBIS
		{B390C713-0C7E-47AB-832A-191FE3ACD490}.Release|ORBIS.ActiveCfg = Release|ORBIS
		{B390C713-0C7E-47AB-832A-191FE3ACD490}.Release|ORBIS.Build.0 = Release|ORBIS
	EndGlobalSection
	GlobalSection(SolutionProperties) = preSolution
		HideSolutionNode = FALSE
	EndGlobalSection
EndGlobal
